
Microsoft Visual Studio Solution File, Format Version 12.00
# Visual Studio 15
VisualStudioVersion = 15.0.28307.329
MinimumVisualStudioVersion = 10.0.40219.1
Project("{FAE04EC0-301F-11D3-BF4B-00C04F79EFBC}") = "guiOpenUcomCashDrawr", "guiOpenUcomCashDrawr\guiOpenUcomCashDrawr.csproj", "{A7E7C0B4-E194-4D0A-8BC1-28C5C8D77152}"
EndProject
Global
	GlobalSection(SolutionConfigurationPlatforms) = preSolution
		Debug|Any CPU = Debug|Any CPU
		Release|Any CPU = Release|Any CPU
	EndGlobalSection
	GlobalSection(ProjectConfigurationPlatforms) = postSolution
		{A7E7C0B4-E194-4D0A-8BC1-28C5C8D77152}.Debug|Any CPU.ActiveCfg = Debug|Any CPU
		{A7E7C0B4-E194-4D0A-8BC1-28C5C8D77152}.Debug|Any CPU.Build.0 = Debug|Any CPU
		{A7E7C0B4-E194-4D0A-8BC1-28C5C8D77152}.Release|Any CPU.ActiveCfg = Release|Any CPU
		{A7E7C0B4-E194-4D0A-8BC1-28C5C8D77152}.Release|Any CPU.Build.0 = Release|Any CPU
	EndGlobalSection
	GlobalSection(SolutionProperties) = preSolution
		HideSolutionNode = FALSE
	EndGlobalSection
	GlobalSection(ExtensibilityGlobals) = postSolution
		SolutionGuid = {3C70EF17-617E-4DDE-ABE1-11707F4FBA8F}
	EndGlobalSection
EndGlobal
